// !$*UTF8*$!
{
	archiveVersion = 1;
	classes = {
	};
	objectVersion = 46;
	objects = {

/* Begin PBXBuildFile section */
		D59532641C7BA5DB005E6A05 /* AppDelegate.swift in Sources */ = {isa = PBXBuildFile; fileRef = D59532631C7BA5DB005E6A05 /* AppDelegate.swift */; };
		D59532661C7BA5DB005E6A05 /* ViewController.swift in Sources */ = {isa = PBXBuildFile; fileRef = D59532651C7BA5DB005E6A05 /* ViewController.swift */; };
		D59532691C7BA5DB005E6A05 /* Main.storyboard in Resources */ = {isa = PBXBuildFile; fileRef = D59532671C7BA5DB005E6A05 /* Main.storyboard */; };
		D595326B1C7BA5DB005E6A05 /* Assets.xcassets in Resources */ = {isa = PBXBuildFile; fileRef = D595326A1C7BA5DB005E6A05 /* Assets.xcassets */; };
		D595326E1C7BA5DB005E6A05 /* LaunchScreen.storyboard in Resources */ = {isa = PBXBuildFile; fileRef = D595326C1C7BA5DB005E6A05 /* LaunchScreen.storyboard */; };
/* End PBXBuildFile section */

/* Begin PBXFileReference section */
		D59532601C7BA5DB005E6A05 /* SuperCool.app */ = {isa = PBXFileReference; explicitFileType = wrapper.application; includeInIndex = 0; path = SuperCool.app; sourceTree = BUILT_PRODUCTS_DIR; };
		D59532631C7BA5DB005E6A05 /* AppDelegate.swift */ = {isa = PBXFileReference; lastKnownFileType = sourcecode.swift; path = AppDelegate.swift; sourceTree = "<group>"; };
		D59532651C7BA5DB005E6A05 /* ViewController.swift */ = {isa = PBXFileReference; lastKnownFileType = sourcecode.swift; path = ViewController.swift; sourceTree = "<group>"; };
		D59532681C7BA5DB005E6A05 /* Base */ = {isa = PBXFileReference; lastKnownFileType = file.storyboard; name = Base; path = Base.lproj/Main.storyboard; sourceTree = "<group>"; };
		D595326A1C7BA5DB005E6A05 /* Assets.xcassets */ = {isa = PBXFileReference; lastKnownFileType = folder.assetcatalog; path = Assets.xcassets; sourceTree = "<group>"; };
		D595326D1C7BA5DB005E6A05 /* Base */ = {isa = PBXFileReference; lastKnownFileType = file.storyboard; name = Base; path = Base.lproj/LaunchScreen.storyboard; sourceTree = "<group>"; };
		D595326F1C7BA5DB005E6A05 /* Info.plist */ = {isa = PBXFileReference; lastKnownFileType = text.plist.xml; path = Info.plist; sourceTree = "<group>"; };
/* End PBXFileReference section */

/* Begin PBXFrameworksBuildPhase section */
		D595325D1C7BA5DB005E6A05 /* Frameworks */ = {
			isa = PBXFrameworksBuildPhase;
			buildActionMask = 2147483647;
			files = (
			);
			runOnlyForDeploymentPostprocessing = 0;
		};
/* End PBXFrameworksBuildPhase section */

/* Begin PBXGroup section */
		D59532571C7BA5DB005E6A05 = {
			isa = PBXGroup;
			children = (
				D59532621C7BA5DB005E6A05 /* SuperCool */,
				D59532611C7BA5DB005E6A05 /* Products */,
			);
			sourceTree = "<group>";
		};
		D59532611C7BA5DB005E6A05 /* Products */ = {
			isa = PBXGroup;
			children = (
				D59532601C7BA5DB005E6A05 /* SuperCool.app */,
			);
			name = Products;
			sourceTree = "<group>";
		};
		D59532621C7BA5DB005E6A05 /* SuperCool */ = {
			isa = PBXGroup;
			children = (
				D59532631C7BA5DB005E6A05 /* AppDelegate.swift */,
				D59532651C7BA5DB005E6A05 /* ViewController.swift */,
				D59532671C7BA5DB005E6A05 /* Main.storyboard */,
				D595326A1C7BA5DB005E6A05 /* Assets.xcassets */,
				D595326C1C7BA5DB005E6A05 /* LaunchScreen.storyboard */,
				D595326F1C7BA5DB005E6A05 /* Info.plist */,
			);
			path = SuperCool;
			sourceTree = "<group>";
		};
/* End PBXGroup section */

/* Begin PBXNativeTarget section */
		D595325F1C7BA5DB005E6A05 /* SuperCool */ = {
			isa = PBXNativeTarget;
			buildConfigurationList = D59532721C7BA5DB005E6A05 /* Build configuration list for PBXNativeTarget "SuperCool" */;
			buildPhases = (
				D595325C1C7BA5DB005E6A05 /* Sources */,
				D595325D1C7BA5DB005E6A05 /* Frameworks */,
				D595325E1C7BA5DB005E6A05 /* Resources */,
			);
			buildRules = (
			);
			dependencies = (
			);
			name = SuperCool;
			productName = SuperCool;
			productReference = D59532601C7BA5DB005E6A05 /* SuperCool.app */;
			productType = "com.apple.product-type.application";
		};
/* End PBXNativeTarget section */

/* Begin PBXProject section */
		D59532581C7BA5DB005E6A05 /* Project object */ = {
			isa = PBXProject;
			attributes = {
				LastSwiftUpdateCheck = 0720;
				LastUpgradeCheck = 0720;
				ORGANIZATIONNAME = "LUXio IT-Solutions";
				TargetAttributes = {
					D595325F1C7BA5DB005E6A05 = {
						CreatedOnToolsVersion = 7.2;
					};
				};
			};
			buildConfigurationList = D595325B1C7BA5DB005E6A05 /* Build configuration list for PBXProject "SuperCool" */;
			compatibilityVersion = "Xcode 3.2";
			developmentRegion = English;
			hasScannedForEncodings = 0;
			knownRegions = (
				en,
				Base,
			);
			mainGroup = D59532571C7BA5DB005E6A05;
			productRefGroup = D59532611C7BA5DB005E6A05 /* Products */;
			projectDirPath = "";
			projectRoot = "";
			targets = (
				D595325F1C7BA5DB005E6A05 /* SuperCool */,
			);
		};
/* End PBXProject section */

/* Begin PBXResourcesBuildPhase section */
		D595325E1C7BA5DB005E6A05 /* Resources */ = {
			isa = PBXResourcesBuildPhase;
			buildActionMask = 2147483647;
			files = (
				D595326E1C7BA5DB005E6A05 /* LaunchScreen.storyboard in Resources */,
				D595326B1C7BA5DB005E6A05 /* Assets.xcassets in Resources */,
				D59532691C7BA5DB005E6A05 /* Main.storyboard in Resources */,
			);
			runOnlyForDeploymentPostprocessing = 0;
		};
/* End PBXResourcesBuildPhase section */

/* Begin PBXSourcesBuildPhase section */
		D595325C1C7BA5DB005E6A05 /* Sources */ = {
			isa = PBXSourcesBuildPhase;
			buildActionMask = 2147483647;
			files = (
				D59532661C7BA5DB005E6A05 /* ViewController.swift in Sources */,
				D59532641C7BA5DB005E6A05 /* AppDelegate.swift in Sources */,
			);
			runOnlyForDeploymentPostprocessing = 0;
		};
/* End PBXSourcesBuildPhase section */

/* Begin PBXVariantGroup section */
		D59532671C7BA5DB005E6A05 /* Main.storyboard */ = {
			isa = PBXVariantGroup;
			children = (
				D59532681C7BA5DB005E6A05 /* Base */,
			);
			name = Main.storyboard;
			sourceTree = "<group>";
		};
		D595326C1C7BA5DB005E6A05 /* LaunchScreen.storyboard */ = {
			isa = PBXVariantGroup;
			children = (
				D595326D1C7BA5DB005E6A05 /* Base */,
			);
			name = LaunchScreen.storyboard;
			sourceTree = "<group>";
		};
/* End PBXVariantGroup section */

/* Begin XCBuildConfiguration section */
		D59532701C7BA5DB005E6A05 /* Debug */ = {
			isa = XCBuildConfiguration;
			buildSettings = {
				ALWAYS_SEARCH_USER_PATHS = NO;
				CLANG_CXX_LANGUAGE_STANDARD = "gnu++0x";
				CLANG_CXX_LIBRARY = "libc++";
				CLANG_ENABLE_MODULES = YES;
				CLANG_ENABLE_OBJC_ARC = YES;
				CLANG_WARN_BOOL_CONVERSION = YES;
				CLANG_WARN_CONSTANT_CONVERSION = YES;
				CLANG_WARN_DIRECT_OBJC_ISA_USAGE = YES_ERROR;
				CLANG_WARN_EMPTY_BODY = YES;
				CLANG_WARN_ENUM_CONVERSION = YES;
				CLANG_WARN_INT_CONVERSION = YES;
				CLANG_WARN_OBJC_ROOT_CLASS = YES_ERROR;
				CLANG_WARN_UNREACHABLE_CODE = YES;
				CLANG_WARN__DUPLICATE_METHOD_MATCH = YES;
				"CODE_SIGN_IDENTITY[sdk=iphoneos*]" = "iPhone Developer";
				COPY_PHASE_STRIP = NO;
				DEBUG_INFORMATION_FORMAT = dwarf;
				ENABLE_STRICT_OBJC_MSGSEND = YES;
				ENABLE_TESTABILITY = YES;
				GCC_C_LANGUAGE_STANDARD = gnu99;
				GCC_DYNAMIC_NO_PIC = NO;
				GCC_NO_COMMON_BLOCKS = YES;
				GCC_OPTIMIZATION_LEVEL = 0;
				GCC_PREPROCESSOR_DEFINITIONS = (
					"DEBUG=1",
					"$(inherited)",
				);
				GCC_WARN_64_TO_32_BIT_CONVERSION = YES;
				GCC_WARN_ABOUT_RETURN_TYPE = YES_ERROR;
				GCC_WARN_UNDECLARED_SELECTOR = YES;
				GCC_WARN_UNINITIALIZED_AUTOS = YES_AGGRESSIVE;
				GCC_WARN_UNUSED_FUNCTION = YES;
				GCC_WARN_UNUSED_VARIABLE = YES;
				IPHONEOS_DEPLOYMENT_TARGET = 9.2;
				MTL_ENABLE_DEBUG_INFO = YES;
				ONLY_ACTIVE_ARCH = YES;
				SDKROOT = iphoneos;
				SWIFT_OPTIMIZATION_LEVEL = "-Onone";
			};
			name = Debug;
		};
		D59532711C7BA5DB005E6A05 /* Release */ = {
			isa = XCBuildConfiguration;
			buildSettings = {
				ALWAYS_SEARCH_USER_PATHS = NO;
				CLANG_CXX_LANGUAGE_STANDARD = "gnu++0x";
				CLANG_CXX_LIBRARY = "libc++";
				CLANG_ENABLE_MODULES = YES;
				CLANG_ENABLE_OBJC_ARC = YES;
				CLANG_WARN_BOOL_CONVERSION = YES;
				CLANG_WARN_CONSTANT_CONVERSION = YES;
				CLANG_WARN_DIRECT_OBJC_ISA_USAGE = YES_ERROR;
				CLANG_WARN_EMPTY_BODY = YES;
				CLANG_WARN_ENUM_CONVERSION = YES;
				CLANG_WARN_INT_CONVERSION = YES;
				CLANG_WARN_OBJC_ROOT_CLASS = YES_ERROR;
				CLANG_WARN_UNREACHABLE_CODE = YES;
				CLANG_WARN__DUPLICATE_METHOD_MATCH = YES;
				"CODE_SIGN_IDENTITY[sdk=iphoneos*]" = "iPhone Developer";
				COPY_PHASE_STRIP = NO;
				DEBUG_INFORMATION_FORMAT = "dwarf-with-dsym";
				ENABLE_NS_ASSERTIONS = NO;
				ENABLE_STRICT_OBJC_MSGSEND = YES;
				GCC_C_LANGUAGE_STANDARD = gnu99;
				GCC_NO_COMMON_BLOCKS = YES;
				GCC_WARN_64_TO_32_BIT_CONVERSION = YES;
				GCC_WARN_ABOUT_RETURN_TYPE = YES_ERROR;
				GCC_WARN_UNDECLARED_SELECTOR = YES;
				GCC_WARN_UNINITIALIZED_AUTOS = YES_AGGRESSIVE;
				GCC_WARN_UNUSED_FUNCTION = YES;
				GCC_WARN_UNUSED_VARIABLE = YES;
				IPHONEOS_DEPLOYMENT_TARGET = 9.2;
				MTL_ENABLE_DEBUG_INFO = NO;
				SDKROOT = iphoneos;
				VALIDATE_PRODUCT = YES;
			};
			name = Release;
		};
		D59532731C7BA5DB005E6A05 /* Debug */ = {
			isa = XCBuildConfiguration;
			buildSettings = {
				ASSETCATALOG_COMPILER_APPICON_NAME = AppIcon;
				INFOPLIST_FILE = SuperCool/Info.plist;
				LD_RUNPATH_SEARCH_PATHS = "$(inherited) @executable_path/Frameworks";
				PRODUCT_BUNDLE_IDENTIFIER = io.lux.SuperCool;
				PRODUCT_NAME = "$(TARGET_NAME)";
			};
			name = Debug;
		};
		D59532741C7BA5DB005E6A05 /* Release */ = {
			isa = XCBuildConfiguration;
			buildSettings = {
				ASSETCATALOG_COMPILER_APPICON_NAME = AppIcon;
				INFOPLIST_FILE = SuperCool/Info.plist;
				LD_RUNPATH_SEARCH_PATHS = "$(inherited) @executable_path/Frameworks";
				PRODUCT_BUNDLE_IDENTIFIER = io.lux.SuperCool;
				PRODUCT_NAME = "$(TARGET_NAME)";
			};
			name = Release;
		};
/* End XCBuildConfiguration section */

/* Begin XCConfigurationList section */
		D595325B1C7BA5DB005E6A05 /* Build configuration list for PBXProject "SuperCool" */ = {
			isa = XCConfigurationList;
			buildConfigurations = (
				D59532701C7BA5DB005E6A05 /* Debug */,
				D59532711C7BA5DB005E6A05 /* Release */,
			);
			defaultConfigurationIsVisible = 0;
			defaultConfigurationName = Release;
		};
		D59532721C7BA5DB005E6A05 /* Build configuration list for PBXNativeTarget "SuperCool" */ = {
			isa = XCConfigurationList;
			buildConfigurations = (
				D59532731C7BA5DB005E6A05 /* Debug */,
				D59532741C7BA5DB005E6A05 /* Release */,
			);
			defaultConfigurationIsVisible = 0;
		};
/* End XCConfigurationList section */
	};
	rootObject = D59532581C7BA5DB005E6A05 /* Project object */;
}
